
Microsoft Visual Studio Solution File, Format Version 12.00
# Visual Studio Version 16
VisualStudioVersion = 16.0.31624.102
MinimumVisualStudioVersion = 10.0.40219.1
Project("{FAE04EC0-301F-11D3-BF4B-00C04F79EFBC}") = "ChartMVC", "ChartMVC\ChartMVC.csproj", "{029A584F-2EF5-4A21-AABE-E2D2AFAC77FB}"
EndProject
Global
	GlobalSection(SolutionConfigurationPlatforms) = preSolution
		Debug|Any CPU = Debug|Any CPU
		Release|Any CPU = Release|Any CPU
	EndGlobalSection
	GlobalSection(ProjectConfigurationPlatforms) = postSolution
		{029A584F-2EF5-4A21-AABE-E2D2AFAC77FB}.Debug|Any CPU.ActiveCfg = Debug|Any CPU
		{029A584F-2EF5-4A21-AABE-E2D2AFAC77FB}.Debug|Any CPU.Build.0 = Debug|Any CPU
		{029A584F-2EF5-4A21-AABE-E2D2AFAC77FB}.Release|Any CPU.ActiveCfg = Release|Any CPU
		{029A584F-2EF5-4A21-AABE-E2D2AFAC77FB}.Release|Any CPU.Build.0 = Release|Any CPU
	EndGlobalSection
	GlobalSection(SolutionProperties) = preSolution
		HideSolutionNode = FALSE
	EndGlobalSection
	GlobalSection(ExtensibilityGlobals) = postSolution
		SolutionGuid = {CCA832C4-4529-49C2-A249-003161A93B14}
	EndGlobalSection
EndGlobal
